
Microsoft Visual Studio Solution File, Format Version 12.00
# Visual Studio Version 16
VisualStudioVersion = 16.0.29230.61
MinimumVisualStudioVersion = 10.0.40219.1
Project("{2150E333-8FDC-42A3-9474-1A3956D46DE8}") = "src", "src", "{3FD1E9AE-E8CE-4DED-99AC-F62E2141C6D0}"
EndProject
Project("{2150E333-8FDC-42A3-9474-1A3956D46DE8}") = "Web", "Web", "{FB06BA5D-D992-4312-8555-414BA7A6C07C}"
EndProject
Project("{2150E333-8FDC-42A3-9474-1A3956D46DE8}") = "Mobile", "Mobile", "{84F3BF1B-4591-4A65-A381-AC86453611BE}"
EndProject
Project("{2150E333-8FDC-42A3-9474-1A3956D46DE8}") = "tests", "tests", "{BF9A7B8E-453C-493A-AC02-0066F8E29E5A}"
EndProject
Project("{2150E333-8FDC-42A3-9474-1A3956D46DE8}") = "tools", "tools", "{6550B9B2-ED40-4016-8034-D7745B61CC10}"
EndProject
Project("{9A19103F-16F7-4668-BE54-9A1E7A4F7556}") = "ResizeCodecampSpeakerImages", "tools\ResizeCodecampSpeakerImages\ResizeCodecampSpeakerImages.csproj", "{6CA508A1-D2F2-4033-A351-E85C962FA287}"
EndProject
Project("{9A19103F-16F7-4668-BE54-9A1E7A4F7556}") = "Codecamp.Web", "src\Codecamp.Web\Codecamp.Web.csproj", "{9B2087DE-9532-4257-99CC-CBFF7B6E7666}"
EndProject
Project("{9A19103F-16F7-4668-BE54-9A1E7A4F7556}") = "Codecamp.Mobile.Clients.Portable", "src\Codecamp.Mobile\Codecamp.Mobile.Clients.Portable.csproj", "{0399274B-70E3-4C45-A8BB-2D0B305D4F6A}"
EndProject
Project("{FAE04EC0-301F-11D3-BF4B-00C04F79EFBC}") = "Codecamp.Mobile.Android", "src\Codecamp.Mobile.Android\Codecamp.Mobile.Android.csproj", "{A74AB945-53F3-4EE2-A451-29CDE943928A}"
EndProject
Project("{FAE04EC0-301F-11D3-BF4B-00C04F79EFBC}") = "Codecamp.Mobile.iOS", "src\Codecamp.Mobile.iOS\Codecamp.Mobile.iOS.csproj", "{CA04AE97-0750-440A-86BA-F8FA5D147F96}"
EndProject
Project("{9A19103F-16F7-4668-BE54-9A1E7A4F7556}") = "Codecamp.Mobile.Clients.Abstractions", "src\Codecamp.Mobile.Clients.Abstractions\Codecamp.Mobile.Clients.Abstractions.csproj", "{97F77609-37C1-4957-88A1-C89C8EFAE0BB}"
EndProject
Project("{9A19103F-16F7-4668-BE54-9A1E7A4F7556}") = "Codecamp.Mobile.DataObjects", "src\Codecamp.DataObjects\Codecamp.Mobile.DataObjects.csproj", "{E09BB41D-1E42-44D8-B2DE-3452A846472B}"
EndProject
Project("{9A19103F-16F7-4668-BE54-9A1E7A4F7556}") = "Codecamp.Mobile.Services.Abstractions", "src\Codecamp.Mobile.Services.Abstractions\Codecamp.Mobile.Services.Abstractions.csproj", "{D4291CE3-D977-4FB8-A933-8DD1818F6F18}"
EndProject
Project("{9A19103F-16F7-4668-BE54-9A1E7A4F7556}") = "Codecamp.Mobile.Tests.Services.Azure", "tests\Codecamp.Mobile.Tests.Services.Azure\Codecamp.Mobile.Tests.Services.Azure.csproj", "{26BEACA5-4913-4662-B894-6D8C65143E80}"
EndProject
Project("{9A19103F-16F7-4668-BE54-9A1E7A4F7556}") = "Codecamp.Mobile.Services.Mock", "src\Codecamp.Mobile.Services.Mock\Codecamp.Mobile.Services.Mock.csproj", "{8F95E22C-BBAA-4DF3-BBF2-46C2F78B8C7B}"
EndProject
Project("{9A19103F-16F7-4668-BE54-9A1E7A4F7556}") = "Codecamp.Mobile.Services.Azure", "src\Codecamp.Mobile.Services.Azure\Codecamp.Mobile.Services.Azure.csproj", "{A139A30F-9394-4B17-9CD5-49CC0C6BCDD1}"
EndProject
Project("{2150E333-8FDC-42A3-9474-1A3956D46DE8}") = "Services", "Services", "{294FF65F-BEA4-4421-92AE-B4A8AEF5A40C}"
EndProject
Project("{2150E333-8FDC-42A3-9474-1A3956D46DE8}") = "UI", "UI", "{2B9EEBE0-EAF3-4BA2-AFBE-6DDA5D1609C4}"
EndProject
Project("{2150E333-8FDC-42A3-9474-1A3956D46DE8}") = "Platform", "Platform", "{F95560CB-3FD5-47A3-A452-94BC6CA4AADF}"
EndProject
Project("{2150E333-8FDC-42A3-9474-1A3956D46DE8}") = "Data", "Data", "{F9B08CC5-D3F3-486F-8B93-A4F2EE8825F2}"
EndProject
Project("{2150E333-8FDC-42A3-9474-1A3956D46DE8}") = "Mobile", "Mobile", "{EDF350B7-19EA-4B01-A98B-4BFA9CF323B1}"
EndProject
Global
	GlobalSection(SolutionConfigurationPlatforms) = preSolution
		Debug|Any CPU = Debug|Any CPU
		Debug|iPhone = Debug|iPhone
		Debug|iPhoneSimulator = Debug|iPhoneSimulator
		Release|Any CPU = Release|Any CPU
		Release|iPhone = Release|iPhone
		Release|iPhoneSimulator = Release|iPhoneSimulator
	EndGlobalSection
	GlobalSection(ProjectConfigurationPlatforms) = postSolution
		{6CA508A1-D2F2-4033-A351-E85C962FA287}.Debug|Any CPU.ActiveCfg = Debug|Any CPU
		{6CA508A1-D2F2-4033-A351-E85C962FA287}.Debug|Any CPU.Build.0 = Debug|Any CPU
		{6CA508A1-D2F2-4033-A351-E85C962FA287}.Debug|iPhone.ActiveCfg = Debug|Any CPU
		{6CA508A1-D2F2-4033-A351-E85C962FA287}.Debug|iPhone.Build.0 = Debug|Any CPU
		{6CA508A1-D2F2-4033-A351-E85C962FA287}.Debug|iPhoneSimulator.ActiveCfg = Debug|Any CPU
		{6CA508A1-D2F2-4033-A351-E85C962FA287}.Debug|iPhoneSimulator.Build.0 = Debug|Any CPU
		{6CA508A1-D2F2-4033-A351-E85C962FA287}.Release|Any CPU.ActiveCfg = Release|Any CPU
		{6CA508A1-D2F2-4033-A351-E85C962FA287}.Release|Any CPU.Build.0 = Release|Any CPU
		{6CA508A1-D2F2-4033-A351-E85C962FA287}.Release|iPhone.ActiveCfg = Release|Any CPU
		{6CA508A1-D2F2-4033-A351-E85C962FA287}.Release|iPhone.Build.0 = Release|Any CPU
		{6CA508A1-D2F2-4033-A351-E85C962FA287}.Release|iPhoneSimulator.ActiveCfg = Release|Any CPU
		{6CA508A1-D2F2-4033-A351-E85C962FA287}.Release|iPhoneSimulator.Build.0 = Release|Any CPU
		{9B2087DE-9532-4257-99CC-CBFF7B6E7666}.Debug|Any CPU.ActiveCfg = Debug|Any CPU
		{9B2087DE-9532-4257-99CC-CBFF7B6E7666}.Debug|Any CPU.Build.0 = Debug|Any CPU
		{9B2087DE-9532-4257-99CC-CBFF7B6E7666}.Debug|iPhone.ActiveCfg = Debug|Any CPU
		{9B2087DE-9532-4257-99CC-CBFF7B6E7666}.Debug|iPhone.Build.0 = Debug|Any CPU
		{9B2087DE-9532-4257-99CC-CBFF7B6E7666}.Debug|iPhoneSimulator.ActiveCfg = Debug|Any CPU
		{9B2087DE-9532-4257-99CC-CBFF7B6E7666}.Debug|iPhoneSimulator.Build.0 = Debug|Any CPU
		{9B2087DE-9532-4257-99CC-CBFF7B6E7666}.Release|Any CPU.ActiveCfg = Release|Any CPU
		{9B2087DE-9532-4257-99CC-CBFF7B6E7666}.Release|Any CPU.Build.0 = Release|Any CPU
		{9B2087DE-9532-4257-99CC-CBFF7B6E7666}.Release|iPhone.ActiveCfg = Release|Any CPU
		{9B2087DE-9532-4257-99CC-CBFF7B6E7666}.Release|iPhone.Build.0 = Release|Any CPU
		{9B2087DE-9532-4257-99CC-CBFF7B6E7666}.Release|iPhoneSimulator.ActiveCfg = Release|Any CPU
		{9B2087DE-9532-4257-99CC-CBFF7B6E7666}.Release|iPhoneSimulator.Build.0 = Release|Any CPU
		{0399274B-70E3-4C45-A8BB-2D0B305D4F6A}.Debug|Any CPU.ActiveCfg = Debug|Any CPU
		{0399274B-70E3-4C45-A8BB-2D0B305D4F6A}.Debug|Any CPU.Build.0 = Debug|Any CPU
		{0399274B-70E3-4C45-A8BB-2D0B305D4F6A}.Debug|iPhone.ActiveCfg = Debug|Any CPU
		{0399274B-70E3-4C45-A8BB-2D0B305D4F6A}.Debug|iPhone.Build.0 = Debug|Any CPU
		{0399274B-70E3-4C45-A8BB-2D0B305D4F6A}.Debug|iPhoneSimulator.ActiveCfg = Debug|Any CPU
		{0399274B-70E3-4C45-A8BB-2D0B305D4F6A}.Debug|iPhoneSimulator.Build.0 = Debug|Any CPU
		{0399274B-70E3-4C45-A8BB-2D0B305D4F6A}.Release|Any CPU.ActiveCfg = Release|Any CPU
		{0399274B-70E3-4C45-A8BB-2D0B305D4F6A}.Release|Any CPU.Build.0 = Release|Any CPU
		{0399274B-70E3-4C45-A8BB-2D0B305D4F6A}.Release|iPhone.ActiveCfg = Release|Any CPU
		{0399274B-70E3-4C45-A8BB-2D0B305D4F6A}.Release|iPhone.Build.0 = Release|Any CPU
		{0399274B-70E3-4C45-A8BB-2D0B305D4F6A}.Release|iPhoneSimulator.ActiveCfg = Release|Any CPU
		{0399274B-70E3-4C45-A8BB-2D0B305D4F6A}.Release|iPhoneSimulator.Build.0 = Release|Any CPU
		{A74AB945-53F3-4EE2-A451-29CDE943928A}.Debug|Any CPU.ActiveCfg = Debug|Any CPU
		{A74AB945-53F3-4EE2-A451-29CDE943928A}.Debug|Any CPU.Build.0 = Debug|Any CPU
		{A74AB945-53F3-4EE2-A451-29CDE943928A}.Debug|Any CPU.Deploy.0 = Debug|Any CPU
		{A74AB945-53F3-4EE2-A451-29CDE943928A}.Debug|iPhone.ActiveCfg = Debug|Any CPU
		{A74AB945-53F3-4EE2-A451-29CDE943928A}.Debug|iPhone.Build.0 = Debug|Any CPU
		{A74AB945-53F3-4EE2-A451-29CDE943928A}.Debug|iPhone.Deploy.0 = Debug|Any CPU
		{A74AB945-53F3-4EE2-A451-29CDE943928A}.Debug|iPhoneSimulator.ActiveCfg = Debug|Any CPU
		{A74AB945-53F3-4EE2-A451-29CDE943928A}.Debug|iPhoneSimulator.Build.0 = Debug|Any CPU
		{A74AB945-53F3-4EE2-A451-29CDE943928A}.Debug|iPhoneSimulator.Deploy.0 = Debug|Any CPU
		{A74AB945-53F3-4EE2-A451-29CDE943928A}.Release|Any CPU.ActiveCfg = Release|Any CPU
		{A74AB945-53F3-4EE2-A451-29CDE943928A}.Release|Any CPU.Build.0 = Release|Any CPU
		{A74AB945-53F3-4EE2-A451-29CDE943928A}.Release|Any CPU.Deploy.0 = Release|Any CPU
		{A74AB945-53F3-4EE2-A451-29CDE943928A}.Release|iPhone.ActiveCfg = Release|Any CPU
		{A74AB945-53F3-4EE2-A451-29CDE943928A}.Release|iPhone.Build.0 = Release|Any CPU
		{A74AB945-53F3-4EE2-A451-29CDE943928A}.Release|iPhone.Deploy.0 = Release|Any CPU
		{A74AB945-53F3-4EE2-A451-29CDE943928A}.Release|iPhoneSimulator.ActiveCfg = Release|Any CPU
		{A74AB945-53F3-4EE2-A451-29CDE943928A}.Release|iPhoneSimulator.Build.0 = Release|Any CPU
		{A74AB945-53F3-4EE2-A451-29CDE943928A}.Release|iPhoneSimulator.Deploy.0 = Release|Any CPU
		{CA04AE97-0750-440A-86BA-F8FA5D147F96}.Debug|Any CPU.ActiveCfg = Debug|iPhone
		{CA04AE97-0750-440A-86BA-F8FA5D147F96}.Debug|iPhone.ActiveCfg = Debug|iPhone
		{CA04AE97-0750-440A-86BA-F8FA5D147F96}.Debug|iPhone.Build.0 = Debug|iPhone
		{CA04AE97-0750-440A-86BA-F8FA5D147F96}.Debug|iPhoneSimulator.ActiveCfg = Debug|iPhoneSimulator
		{CA04AE97-0750-440A-86BA-F8FA5D147F96}.Debug|iPhoneSimulator.Build.0 = Debug|iPhoneSimulator
		{CA04AE97-0750-440A-86BA-F8FA5D147F96}.Release|Any CPU.ActiveCfg = Release|iPhone
		{CA04AE97-0750-440A-86BA-F8FA5D147F96}.Release|iPhone.ActiveCfg = Release|iPhone
		{CA04AE97-0750-440A-86BA-F8FA5D147F96}.Release|iPhone.Build.0 = Release|iPhone
		{CA04AE97-0750-440A-86BA-F8FA5D147F96}.Release|iPhoneSimulator.ActiveCfg = Release|iPhoneSimulator
		{CA04AE97-0750-440A-86BA-F8FA5D147F96}.Release|iPhoneSimulator.Build.0 = Release|iPhoneSimulator
		{97F77609-37C1-4957-88A1-C89C8EFAE0BB}.Debug|Any CPU.ActiveCfg = Debug|Any CPU
		{97F77609-37C1-4957-88A1-C89C8EFAE0BB}.Debug|Any CPU.Build.0 = Debug|Any CPU
		{97F77609-37C1-4957-88A1-C89C8EFAE0BB}.Debug|iPhone.ActiveCfg = Debug|Any CPU
		{97F77609-37C1-4957-88A1-C89C8EFAE0BB}.Debug|iPhone.Build.0 = Debug|Any CPU
		{97F77609-37C1-4957-88A1-C89C8EFAE0BB}.Debug|iPhoneSimulator.ActiveCfg = Debug|Any CPU
		{97F77609-37C1-4957-88A1-C89C8EFAE0BB}.Debug|iPhoneSimulator.Build.0 = Debug|Any CPU
		{97F77609-37C1-4957-88A1-C89C8EFAE0BB}.Release|Any CPU.ActiveCfg = Release|Any CPU
		{97F77609-37C1-4957-88A1-C89C8EFAE0BB}.Release|Any CPU.Build.0 = Release|Any CPU
		{97F77609-37C1-4957-88A1-C89C8EFAE0BB}.Release|iPhone.ActiveCfg = Release|Any CPU
		{97F77609-37C1-4957-88A1-C89C8EFAE0BB}.Release|iPhone.Build.0 = Release|Any CPU
		{97F77609-37C1-4957-88A1-C89C8EFAE0BB}.Release|iPhoneSimulator.ActiveCfg = Release|Any CPU
		{97F77609-37C1-4957-88A1-C89C8EFAE0BB}.Release|iPhoneSimulator.Build.0 = Release|Any CPU
		{E09BB41D-1E42-44D8-B2DE-3452A846472B}.Debug|Any CPU.ActiveCfg = Debug|Any CPU
		{E09BB41D-1E42-44D8-B2DE-3452A846472B}.Debug|Any CPU.Build.0 = Debug|Any CPU
		{E09BB41D-1E42-44D8-B2DE-3452A846472B}.Debug|iPhone.ActiveCfg = Debug|Any CPU
		{E09BB41D-1E42-44D8-B2DE-3452A846472B}.Debug|iPhone.Build.0 = Debug|Any CPU
		{E09BB41D-1E42-44D8-B2DE-3452A846472B}.Debug|iPhoneSimulator.ActiveCfg = Debug|Any CPU
		{E09BB41D-1E42-44D8-B2DE-3452A846472B}.Debug|iPhoneSimulator.Build.0 = Debug|Any CPU
		{E09BB41D-1E42-44D8-B2DE-3452A846472B}.Release|Any CPU.ActiveCfg = Release|Any CPU
		{E09BB41D-1E42-44D8-B2DE-3452A846472B}.Release|Any CPU.Build.0 = Release|Any CPU
		{E09BB41D-1E42-44D8-B2DE-3452A846472B}.Release|iPhone.ActiveCfg = Release|Any CPU
		{E09BB41D-1E42-44D8-B2DE-3452A846472B}.Release|iPhone.Build.0 = Release|Any CPU
		{E09BB41D-1E42-44D8-B2DE-3452A846472B}.Release|iPhoneSimulator.ActiveCfg = Release|Any CPU
		{E09BB41D-1E42-44D8-B2DE-3452A846472B}.Release|iPhoneSimulator.Build.0 = Release|Any CPU
		{D4291CE3-D977-4FB8-A933-8DD1818F6F18}.Debug|Any CPU.ActiveCfg = Debug|Any CPU
		{D4291CE3-D977-4FB8-A933-8DD1818F6F18}.Debug|Any CPU.Build.0 = Debug|Any CPU
		{D4291CE3-D977-4FB8-A933-8DD1818F6F18}.Debug|iPhone.ActiveCfg = Debug|Any CPU
		{D4291CE3-D977-4FB8-A933-8DD1818F6F18}.Debug|iPhone.Build.0 = Debug|Any CPU
		{D4291CE3-D977-4FB8-A933-8DD1818F6F18}.Debug|iPhoneSimulator.ActiveCfg = Debug|Any CPU
		{D4291CE3-D977-4FB8-A933-8DD1818F6F18}.Debug|iPhoneSimulator.Build.0 = Debug|Any CPU
		{D4291CE3-D977-4FB8-A933-8DD1818F6F18}.Release|Any CPU.ActiveCfg = Release|Any CPU
		{D4291CE3-D977-4FB8-A933-8DD1818F6F18}.Release|Any CPU.Build.0 = Release|Any CPU
		{D4291CE3-D977-4FB8-A933-8DD1818F6F18}.Release|iPhone.ActiveCfg = Release|Any CPU
		{D4291CE3-D977-4FB8-A933-8DD1818F6F18}.Release|iPhone.Build.0 = Release|Any CPU
		{D4291CE3-D977-4FB8-A933-8DD1818F6F18}.Release|iPhoneSimulator.ActiveCfg = Release|Any CPU
		{D4291CE3-D977-4FB8-A933-8DD1818F6F18}.Release|iPhoneSimulator.Build.0 = Release|Any CPU
		{26BEACA5-4913-4662-B894-6D8C65143E80}.Debug|Any CPU.ActiveCfg = Debug|Any CPU
		{26BEACA5-4913-4662-B894-6D8C65143E80}.Debug|Any CPU.Build.0 = Debug|Any CPU
		{26BEACA5-4913-4662-B894-6D8C65143E80}.Debug|iPhone.ActiveCfg = Debug|Any CPU
		{26BEACA5-4913-4662-B894-6D8C65143E80}.Debug|iPhone.Build.0 = Debug|Any CPU
		{26BEACA5-4913-4662-B894-6D8C65143E80}.Debug|iPhoneSimulator.ActiveCfg = Debug|Any CPU
		{26BEACA5-4913-4662-B894-6D8C65143E80}.Debug|iPhoneSimulator.Build.0 = Debug|Any CPU
		{26BEACA5-4913-4662-B894-6D8C65143E80}.Release|Any CPU.ActiveCfg = Release|Any CPU
		{26BEACA5-4913-4662-B894-6D8C65143E80}.Release|Any CPU.Build.0 = Release|Any CPU
		{26BEACA5-4913-4662-B894-6D8C65143E80}.Release|iPhone.ActiveCfg = Release|Any CPU
		{26BEACA5-4913-4662-B894-6D8C65143E80}.Release|iPhone.Build.0 = Release|Any CPU
		{26BEACA5-4913-4662-B894-6D8C65143E80}.Release|iPhoneSimulator.ActiveCfg = Release|Any CPU
		{26BEACA5-4913-4662-B894-6D8C65143E80}.Release|iPhoneSimulator.Build.0 = Release|Any CPU
		{8F95E22C-BBAA-4DF3-BBF2-46C2F78B8C7B}.Debug|Any CPU.ActiveCfg = Debug|Any CPU
		{8F95E22C-BBAA-4DF3-BBF2-46C2F78B8C7B}.Debug|Any CPU.Build.0 = Debug|Any CPU
		{8F95E22C-BBAA-4DF3-BBF2-46C2F78B8C7B}.Debug|iPhone.ActiveCfg = Debug|Any CPU
		{8F95E22C-BBAA-4DF3-BBF2-46C2F78B8C7B}.Debug|iPhone.Build.0 = Debug|Any CPU
		{8F95E22C-BBAA-4DF3-BBF2-46C2F78B8C7B}.Debug|iPhoneSimulator.ActiveCfg = Debug|Any CPU
		{8F95E22C-BBAA-4DF3-BBF2-46C2F78B8C7B}.Debug|iPhoneSimulator.Build.0 = Debug|Any CPU
		{8F95E22C-BBAA-4DF3-BBF2-46C2F78B8C7B}.Release|Any CPU.ActiveCfg = Release|Any CPU
		{8F95E22C-BBAA-4DF3-BBF2-46C2F78B8C7B}.Release|Any CPU.Build.0 = Release|Any CPU
		{8F95E22C-BBAA-4DF3-BBF2-46C2F78B8C7B}.Release|iPhone.ActiveCfg = Release|Any CPU
		{8F95E22C-BBAA-4DF3-BBF2-46C2F78B8C7B}.Release|iPhone.Build.0 = Release|Any CPU
		{8F95E22C-BBAA-4DF3-BBF2-46C2F78B8C7B}.Release|iPhoneSimulator.ActiveCfg = Release|Any CPU
		{8F95E22C-BBAA-4DF3-BBF2-46C2F78B8C7B}.Release|iPhoneSimulator.Build.0 = Release|Any CPU
		{A139A30F-9394-4B17-9CD5-49CC0C6BCDD1}.Debug|Any CPU.ActiveCfg = Debug|Any CPU
		{A139A30F-9394-4B17-9CD5-49CC0C6BCDD1}.Debug|Any CPU.Build.0 = Debug|Any CPU
		{A139A30F-9394-4B17-9CD5-49CC0C6BCDD1}.Debug|iPhone.ActiveCfg = Debug|Any CPU
		{A139A30F-9394-4B17-9CD5-49CC0C6BCDD1}.Debug|iPhone.Build.0 = Debug|Any CPU
		{A139A30F-9394-4B17-9CD5-49CC0C6BCDD1}.Debug|iPhoneSimulator.ActiveCfg = Debug|Any CPU
		{A139A30F-9394-4B17-9CD5-49CC0C6BCDD1}.Debug|iPhoneSimulator.Build.0 = Debug|Any CPU
		{A139A30F-9394-4B17-9CD5-49CC0C6BCDD1}.Release|Any CPU.ActiveCfg = Release|Any CPU
		{A139A30F-9394-4B17-9CD5-49CC0C6BCDD1}.Release|Any CPU.Build.0 = Release|Any CPU
		{A139A30F-9394-4B17-9CD5-49CC0C6BCDD1}.Release|iPhone.ActiveCfg = Release|Any CPU
		{A139A30F-9394-4B17-9CD5-49CC0C6BCDD1}.Release|iPhone.Build.0 = Release|Any CPU
		{A139A30F-9394-4B17-9CD5-49CC0C6BCDD1}.Release|iPhoneSimulator.ActiveCfg = Release|Any CPU
		{A139A30F-9394-4B17-9CD5-49CC0C6BCDD1}.Release|iPhoneSimulator.Build.0 = Release|Any CPU
	EndGlobalSection
	GlobalSection(SolutionProperties) = preSolution
		HideSolutionNode = FALSE
	EndGlobalSection
	GlobalSection(NestedProjects) = preSolution
		{FB06BA5D-D992-4312-8555-414BA7A6C07C} = {3FD1E9AE-E8CE-4DED-99AC-F62E2141C6D0}
		{84F3BF1B-4591-4A65-A381-AC86453611BE} = {3FD1E9AE-E8CE-4DED-99AC-F62E2141C6D0}
		{6CA508A1-D2F2-4033-A351-E85C962FA287} = {6550B9B2-ED40-4016-8034-D7745B61CC10}
		{9B2087DE-9532-4257-99CC-CBFF7B6E7666} = {FB06BA5D-D992-4312-8555-414BA7A6C07C}
		{0399274B-70E3-4C45-A8BB-2D0B305D4F6A} = {2B9EEBE0-EAF3-4BA2-AFBE-6DDA5D1609C4}
		{A74AB945-53F3-4EE2-A451-29CDE943928A} = {F95560CB-3FD5-47A3-A452-94BC6CA4AADF}
		{CA04AE97-0750-440A-86BA-F8FA5D147F96} = {F95560CB-3FD5-47A3-A452-94BC6CA4AADF}
		{97F77609-37C1-4957-88A1-C89C8EFAE0BB} = {2B9EEBE0-EAF3-4BA2-AFBE-6DDA5D1609C4}
		{E09BB41D-1E42-44D8-B2DE-3452A846472B} = {F9B08CC5-D3F3-486F-8B93-A4F2EE8825F2}
		{D4291CE3-D977-4FB8-A933-8DD1818F6F18} = {294FF65F-BEA4-4421-92AE-B4A8AEF5A40C}
		{26BEACA5-4913-4662-B894-6D8C65143E80} = {EDF350B7-19EA-4B01-A98B-4BFA9CF323B1}
		{8F95E22C-BBAA-4DF3-BBF2-46C2F78B8C7B} = {294FF65F-BEA4-4421-92AE-B4A8AEF5A40C}
		{A139A30F-9394-4B17-9CD5-49CC0C6BCDD1} = {294FF65F-BEA4-4421-92AE-B4A8AEF5A40C}
		{294FF65F-BEA4-4421-92AE-B4A8AEF5A40C} = {84F3BF1B-4591-4A65-A381-AC86453611BE}
		{2B9EEBE0-EAF3-4BA2-AFBE-6DDA5D1609C4} = {84F3BF1B-4591-4A65-A381-AC86453611BE}
		{F95560CB-3FD5-47A3-A452-94BC6CA4AADF} = {84F3BF1B-4591-4A65-A381-AC86453611BE}
		{F9B08CC5-D3F3-486F-8B93-A4F2EE8825F2} = {84F3BF1B-4591-4A65-A381-AC86453611BE}
		{EDF350B7-19EA-4B01-A98B-4BFA9CF323B1} = {BF9A7B8E-453C-493A-AC02-0066F8E29E5A}
	EndGlobalSection
	GlobalSection(ExtensibilityGlobals) = postSolution
		SolutionGuid = {415F33E8-2E62-4089-84A9-833B4AE6C168}
	EndGlobalSection
EndGlobal
